
Microsoft Visual Studio Solution File, Format Version 12.00
# Visual Studio Version 16
VisualStudioVersion = 16.0.31729.503
MinimumVisualStudioVersion = 10.0.40219.1
Project("{FAE04EC0-301F-11D3-BF4B-00C04F79EFBC}") = "A1.1-StrategyPattern", "A1.1-StrategyPattern\A1.1-StrategyPattern.csproj", "{4D91BC02-9776-4189-B5B5-55A56D70190E}"
EndProject
Global
	GlobalSection(SolutionConfigurationPlatforms) = preSolution
		Debug|Any CPU = Debug|Any CPU
		Release|Any CPU = Release|Any CPU
	EndGlobalSection
	GlobalSection(ProjectConfigurationPlatforms) = postSolution
		{4D91BC02-9776-4189-B5B5-55A56D70190E}.Debug|Any CPU.ActiveCfg = Debug|Any CPU
		{4D91BC02-9776-4189-B5B5-55A56D70190E}.Debug|Any CPU.Build.0 = Debug|Any CPU
		{4D91BC02-9776-4189-B5B5-55A56D70190E}.Release|Any CPU.ActiveCfg = Release|Any CPU
		{4D91BC02-9776-4189-B5B5-55A56D70190E}.Release|Any CPU.Build.0 = Release|Any CPU
	EndGlobalSection
	GlobalSection(SolutionProperties) = preSolution
		HideSolutionNode = FALSE
	EndGlobalSection
	GlobalSection(ExtensibilityGlobals) = postSolution
		SolutionGuid = {24FA1BEC-157F-4329-9C7A-0F6206BE13E4}
	EndGlobalSection
EndGlobal
